
Microsoft Visual Studio Solution File, Format Version 12.00
Project("{FAE04EC0-301F-11D3-BF4B-00C04F79EFBC}") = "Vehicle", "Vehicle\Vehicle.csproj", "{17AD819E-DEF2-49CB-BF49-C7684E6B3F40}"
EndProject
Global
	GlobalSection(SolutionConfigurationPlatforms) = preSolution
		Debug|Any CPU = Debug|Any CPU
		Release|Any CPU = Release|Any CPU
	EndGlobalSection
	GlobalSection(ProjectConfigurationPlatforms) = postSolution
		{17AD819E-DEF2-49CB-BF49-C7684E6B3F40}.Debug|Any CPU.ActiveCfg = Debug|Any CPU
		{17AD819E-DEF2-49CB-BF49-C7684E6B3F40}.Debug|Any CPU.Build.0 = Debug|Any CPU
		{17AD819E-DEF2-49CB-BF49-C7684E6B3F40}.Release|Any CPU.ActiveCfg = Release|Any CPU
		{17AD819E-DEF2-49CB-BF49-C7684E6B3F40}.Release|Any CPU.Build.0 = Release|Any CPU
	EndGlobalSection
EndGlobal
