
Microsoft Visual Studio Solution File, Format Version 12.00
Project("{FAE04EC0-301F-11D3-BF4B-00C04F79EFBC}") = "Palidrom", "Palidrom\Palidrom.csproj", "{B7A05CC9-4C5A-44C9-8C3E-BF650B673492}"
EndProject
Global
	GlobalSection(SolutionConfigurationPlatforms) = preSolution
		Debug|Any CPU = Debug|Any CPU
		Release|Any CPU = Release|Any CPU
	EndGlobalSection
	GlobalSection(ProjectConfigurationPlatforms) = postSolution
		{B7A05CC9-4C5A-44C9-8C3E-BF650B673492}.Debug|Any CPU.ActiveCfg = Debug|Any CPU
		{B7A05CC9-4C5A-44C9-8C3E-BF650B673492}.Debug|Any CPU.Build.0 = Debug|Any CPU
		{B7A05CC9-4C5A-44C9-8C3E-BF650B673492}.Release|Any CPU.ActiveCfg = Release|Any CPU
		{B7A05CC9-4C5A-44C9-8C3E-BF650B673492}.Release|Any CPU.Build.0 = Release|Any CPU
	EndGlobalSection
EndGlobal
