
Microsoft Visual Studio Solution File, Format Version 12.00
Project("{FAE04EC0-301F-11D3-BF4B-00C04F79EFBC}") = "BerningerVorlesung", "BerningerVorlesung\BerningerVorlesung.csproj", "{73A22542-C0D8-41AA-8937-EA3F6FEF0E4C}"
EndProject
Project("{FAE04EC0-301F-11D3-BF4B-00C04F79EFBC}") = "Generics", "Generics\Generics.csproj", "{1447D15E-22C4-4511-BF25-82804C2899C5}"
EndProject
Project("{FAE04EC0-301F-11D3-BF4B-00C04F79EFBC}") = "operatorenÜberladen", "operatorenÜberladen\operatorenÜberladen.csproj", "{63DBF2F3-90FA-4C0E-AE5D-A52F2D7E05F9}"
EndProject
Project("{FAE04EC0-301F-11D3-BF4B-00C04F79EFBC}") = "Polymorphier", "Polymorphier\Polymorphier.csproj", "{75A9A6D0-E9B0-4AB7-93CB-E7BB7A9A990C}"
EndProject
Global
	GlobalSection(SolutionConfigurationPlatforms) = preSolution
		Debug|Any CPU = Debug|Any CPU
		Release|Any CPU = Release|Any CPU
	EndGlobalSection
	GlobalSection(ProjectConfigurationPlatforms) = postSolution
		{73A22542-C0D8-41AA-8937-EA3F6FEF0E4C}.Debug|Any CPU.ActiveCfg = Debug|Any CPU
		{73A22542-C0D8-41AA-8937-EA3F6FEF0E4C}.Debug|Any CPU.Build.0 = Debug|Any CPU
		{73A22542-C0D8-41AA-8937-EA3F6FEF0E4C}.Release|Any CPU.ActiveCfg = Release|Any CPU
		{73A22542-C0D8-41AA-8937-EA3F6FEF0E4C}.Release|Any CPU.Build.0 = Release|Any CPU
		{1447D15E-22C4-4511-BF25-82804C2899C5}.Debug|Any CPU.ActiveCfg = Debug|Any CPU
		{1447D15E-22C4-4511-BF25-82804C2899C5}.Debug|Any CPU.Build.0 = Debug|Any CPU
		{1447D15E-22C4-4511-BF25-82804C2899C5}.Release|Any CPU.ActiveCfg = Release|Any CPU
		{1447D15E-22C4-4511-BF25-82804C2899C5}.Release|Any CPU.Build.0 = Release|Any CPU
		{63DBF2F3-90FA-4C0E-AE5D-A52F2D7E05F9}.Debug|Any CPU.ActiveCfg = Debug|Any CPU
		{63DBF2F3-90FA-4C0E-AE5D-A52F2D7E05F9}.Debug|Any CPU.Build.0 = Debug|Any CPU
		{63DBF2F3-90FA-4C0E-AE5D-A52F2D7E05F9}.Release|Any CPU.ActiveCfg = Release|Any CPU
		{63DBF2F3-90FA-4C0E-AE5D-A52F2D7E05F9}.Release|Any CPU.Build.0 = Release|Any CPU
		{75A9A6D0-E9B0-4AB7-93CB-E7BB7A9A990C}.Debug|Any CPU.ActiveCfg = Debug|Any CPU
		{75A9A6D0-E9B0-4AB7-93CB-E7BB7A9A990C}.Debug|Any CPU.Build.0 = Debug|Any CPU
		{75A9A6D0-E9B0-4AB7-93CB-E7BB7A9A990C}.Release|Any CPU.ActiveCfg = Release|Any CPU
		{75A9A6D0-E9B0-4AB7-93CB-E7BB7A9A990C}.Release|Any CPU.Build.0 = Release|Any CPU
	EndGlobalSection
EndGlobal
