
Microsoft Visual Studio Solution File, Format Version 12.00
Project("{FAE04EC0-301F-11D3-BF4B-00C04F79EFBC}") = "Programmieren2_Script", "Programmieren2_Script\Programmieren2_Script.csproj", "{9FFDB8C0-129F-4055-A908-37172E5DA91B}"
EndProject
Project("{FAE04EC0-301F-11D3-BF4B-00C04F79EFBC}") = "Out_In_Ref", "Out_In_Ref\Out_In_Ref.csproj", "{F8568AC1-73D0-4CBE-B3C5-F757CC235FB5}"
EndProject
Project("{FAE04EC0-301F-11D3-BF4B-00C04F79EFBC}") = "Simple_Versuche", "Simple_Versuche\Simple_Versuche.csproj", "{6157C68F-66D8-4DFB-846D-D522DE397208}"
EndProject
Project("{FAE04EC0-301F-11D3-BF4B-00C04F79EFBC}") = "toTest", "toTest\toTest.csproj", "{F47B534B-EA31-4979-81CA-322B0521A318}"
EndProject
Project("{FAE04EC0-301F-11D3-BF4B-00C04F79EFBC}") = "TestProject1", "TestProject1\TestProject1.csproj", "{1D0BE924-E4A4-4F62-9ECD-C2A1AAC366DA}"
EndProject
Project("{FAE04EC0-301F-11D3-BF4B-00C04F79EFBC}") = "modifikatoren", "modifikatoren\modifikatoren.csproj", "{9A4935FE-7257-4033-A3DF-2407C58A13ED}"
EndProject
Project("{FAE04EC0-301F-11D3-BF4B-00C04F79EFBC}") = "NamedParameters", "NamedParameters\NamedParameters.csproj", "{DF1F76C8-3322-4478-BDE1-F7EFE7FEE20B}"
EndProject
Project("{FAE04EC0-301F-11D3-BF4B-00C04F79EFBC}") = "jannik", "jannik\jannik.csproj", "{905A508D-3768-493E-9F33-1DD2C474D466}"
EndProject
Global
	GlobalSection(SolutionConfigurationPlatforms) = preSolution
		Debug|Any CPU = Debug|Any CPU
		Release|Any CPU = Release|Any CPU
	EndGlobalSection
	GlobalSection(ProjectConfigurationPlatforms) = postSolution
		{9FFDB8C0-129F-4055-A908-37172E5DA91B}.Debug|Any CPU.ActiveCfg = Debug|Any CPU
		{9FFDB8C0-129F-4055-A908-37172E5DA91B}.Debug|Any CPU.Build.0 = Debug|Any CPU
		{9FFDB8C0-129F-4055-A908-37172E5DA91B}.Release|Any CPU.ActiveCfg = Release|Any CPU
		{9FFDB8C0-129F-4055-A908-37172E5DA91B}.Release|Any CPU.Build.0 = Release|Any CPU
		{F8568AC1-73D0-4CBE-B3C5-F757CC235FB5}.Debug|Any CPU.ActiveCfg = Debug|Any CPU
		{F8568AC1-73D0-4CBE-B3C5-F757CC235FB5}.Debug|Any CPU.Build.0 = Debug|Any CPU
		{F8568AC1-73D0-4CBE-B3C5-F757CC235FB5}.Release|Any CPU.ActiveCfg = Release|Any CPU
		{F8568AC1-73D0-4CBE-B3C5-F757CC235FB5}.Release|Any CPU.Build.0 = Release|Any CPU
		{6157C68F-66D8-4DFB-846D-D522DE397208}.Debug|Any CPU.ActiveCfg = Debug|Any CPU
		{6157C68F-66D8-4DFB-846D-D522DE397208}.Debug|Any CPU.Build.0 = Debug|Any CPU
		{6157C68F-66D8-4DFB-846D-D522DE397208}.Release|Any CPU.ActiveCfg = Release|Any CPU
		{6157C68F-66D8-4DFB-846D-D522DE397208}.Release|Any CPU.Build.0 = Release|Any CPU
		{F47B534B-EA31-4979-81CA-322B0521A318}.Debug|Any CPU.ActiveCfg = Debug|Any CPU
		{F47B534B-EA31-4979-81CA-322B0521A318}.Debug|Any CPU.Build.0 = Debug|Any CPU
		{F47B534B-EA31-4979-81CA-322B0521A318}.Release|Any CPU.ActiveCfg = Release|Any CPU
		{F47B534B-EA31-4979-81CA-322B0521A318}.Release|Any CPU.Build.0 = Release|Any CPU
		{1D0BE924-E4A4-4F62-9ECD-C2A1AAC366DA}.Debug|Any CPU.ActiveCfg = Debug|Any CPU
		{1D0BE924-E4A4-4F62-9ECD-C2A1AAC366DA}.Debug|Any CPU.Build.0 = Debug|Any CPU
		{1D0BE924-E4A4-4F62-9ECD-C2A1AAC366DA}.Release|Any CPU.ActiveCfg = Release|Any CPU
		{1D0BE924-E4A4-4F62-9ECD-C2A1AAC366DA}.Release|Any CPU.Build.0 = Release|Any CPU
		{9A4935FE-7257-4033-A3DF-2407C58A13ED}.Debug|Any CPU.ActiveCfg = Debug|Any CPU
		{9A4935FE-7257-4033-A3DF-2407C58A13ED}.Debug|Any CPU.Build.0 = Debug|Any CPU
		{9A4935FE-7257-4033-A3DF-2407C58A13ED}.Release|Any CPU.ActiveCfg = Release|Any CPU
		{9A4935FE-7257-4033-A3DF-2407C58A13ED}.Release|Any CPU.Build.0 = Release|Any CPU
		{DF1F76C8-3322-4478-BDE1-F7EFE7FEE20B}.Debug|Any CPU.ActiveCfg = Debug|Any CPU
		{DF1F76C8-3322-4478-BDE1-F7EFE7FEE20B}.Debug|Any CPU.Build.0 = Debug|Any CPU
		{DF1F76C8-3322-4478-BDE1-F7EFE7FEE20B}.Release|Any CPU.ActiveCfg = Release|Any CPU
		{DF1F76C8-3322-4478-BDE1-F7EFE7FEE20B}.Release|Any CPU.Build.0 = Release|Any CPU
		{905A508D-3768-493E-9F33-1DD2C474D466}.Debug|Any CPU.ActiveCfg = Debug|Any CPU
		{905A508D-3768-493E-9F33-1DD2C474D466}.Debug|Any CPU.Build.0 = Debug|Any CPU
		{905A508D-3768-493E-9F33-1DD2C474D466}.Release|Any CPU.ActiveCfg = Release|Any CPU
		{905A508D-3768-493E-9F33-1DD2C474D466}.Release|Any CPU.Build.0 = Release|Any CPU
	EndGlobalSection
EndGlobal
